
Microsoft Visual Studio Solution File, Format Version 12.00
# Visual Studio Version 16
VisualStudioVersion = 16.0.29911.84
MinimumVisualStudioVersion = 10.0.40219.1
Project("{9A19103F-16F7-4668-BE54-9A1E7A4F7556}") = "CodeLaboratory", "CodeLaboratory\CodeLaboratory.csproj", "{125F87BE-0766-48CC-833A-5F40F433B0DE}"
EndProject
Global
	GlobalSection(SolutionConfigurationPlatforms) = preSolution
		Debug|Any CPU = Debug|Any CPU
		Release|Any CPU = Release|Any CPU
	EndGlobalSection
	GlobalSection(ProjectConfigurationPlatforms) = postSolution
		{125F87BE-0766-48CC-833A-5F40F433B0DE}.Debug|Any CPU.ActiveCfg = Debug|Any CPU
		{125F87BE-0766-48CC-833A-5F40F433B0DE}.Debug|Any CPU.Build.0 = Debug|Any CPU
		{125F87BE-0766-48CC-833A-5F40F433B0DE}.Release|Any CPU.ActiveCfg = Release|Any CPU
		{125F87BE-0766-48CC-833A-5F40F433B0DE}.Release|Any CPU.Build.0 = Release|Any CPU
	EndGlobalSection
	GlobalSection(SolutionProperties) = preSolution
		HideSolutionNode = FALSE
	EndGlobalSection
	GlobalSection(ExtensibilityGlobals) = postSolution
		SolutionGuid = {E4177DE4-09CD-4BDB-8A9C-82AB54776D30}
	EndGlobalSection
EndGlobal
